
Microsoft Visual Studio Solution File, Format Version 12.00
# Visual Studio 2013
VisualStudioVersion = 12.0.40629.0
MinimumVisualStudioVersion = 10.0.40219.1
Project("{8BC9CEB8-8B4A-11D0-8D11-00A0C91BC942}") = "BrainFuck", "BrainFuck\BrainFuck.vcxproj", "{57977444-A334-4F3F-913E-167A6D4FCFE7}"
EndProject
Project("{8BC9CEB8-8B4A-11D0-8D11-00A0C91BC942}") = "gtest", "gtest\gtest.vcxproj", "{FC29B0E6-C0EF-494D-9F54-25E78E438E24}"
EndProject
Project("{8BC9CEB8-8B4A-11D0-8D11-00A0C91BC942}") = "BrainFuckInterpreter.Tests", "BrainFuckInterpreter.Tests\BrainFuckInterpreter.Tests.vcxproj", "{66093260-C1E5-4D0E-9D1E-033246BF4EB5}"
EndProject
Global
	GlobalSection(SolutionConfigurationPlatforms) = preSolution
		Debug|Win32 = Debug|Win32
		Release|Win32 = Release|Win32
	EndGlobalSection
	GlobalSection(ProjectConfigurationPlatforms) = postSolution
		{57977444-A334-4F3F-913E-167A6D4FCFE7}.Debug|Win32.ActiveCfg = Debug|Win32
		{57977444-A334-4F3F-913E-167A6D4FCFE7}.Debug|Win32.Build.0 = Debug|Win32
		{57977444-A334-4F3F-913E-167A6D4FCFE7}.Release|Win32.ActiveCfg = Release|Win32
		{57977444-A334-4F3F-913E-167A6D4FCFE7}.Release|Win32.Build.0 = Release|Win32
		{FC29B0E6-C0EF-494D-9F54-25E78E438E24}.Debug|Win32.ActiveCfg = Debug|Win32
		{FC29B0E6-C0EF-494D-9F54-25E78E438E24}.Debug|Win32.Build.0 = Debug|Win32
		{FC29B0E6-C0EF-494D-9F54-25E78E438E24}.Release|Win32.ActiveCfg = Release|Win32
		{FC29B0E6-C0EF-494D-9F54-25E78E438E24}.Release|Win32.Build.0 = Release|Win32
		{66093260-C1E5-4D0E-9D1E-033246BF4EB5}.Debug|Win32.ActiveCfg = Debug|Win32
		{66093260-C1E5-4D0E-9D1E-033246BF4EB5}.Debug|Win32.Build.0 = Debug|Win32
		{66093260-C1E5-4D0E-9D1E-033246BF4EB5}.Release|Win32.ActiveCfg = Release|Win32
		{66093260-C1E5-4D0E-9D1E-033246BF4EB5}.Release|Win32.Build.0 = Release|Win32
	EndGlobalSection
	GlobalSection(SolutionProperties) = preSolution
		HideSolutionNode = FALSE
	EndGlobalSection
EndGlobal
